// !$*UTF8*$!
{
	archiveVersion = 1;
	classes = {
	};
	objectVersion = 46;
	objects = {

/* Begin PBXBuildFile section */
		04B1DA7B1F05F03800301BB8 /* AppDelegate.swift in Sources */ = {isa = PBXBuildFile; fileRef = 04B1DA7A1F05F03800301BB8 /* AppDelegate.swift */; };
		04B1DA7D1F05F03800301BB8 /* ViewController.swift in Sources */ = {isa = PBXBuildFile; fileRef = 04B1DA7C1F05F03800301BB8 /* ViewController.swift */; };
		04B1DA801F05F03800301BB8 /* Main.storyboard in Resources */ = {isa = PBXBuildFile; fileRef = 04B1DA7E1F05F03800301BB8 /* Main.storyboard */; };
		04B1DA821F05F03800301BB8 /* Assets.xcassets in Resources */ = {isa = PBXBuildFile; fileRef = 04B1DA811F05F03800301BB8 /* Assets.xcassets */; };
		04B1DA851F05F03800301BB8 /* LaunchScreen.storyboard in Resources */ = {isa = PBXBuildFile; fileRef = 04B1DA831F05F03800301BB8 /* LaunchScreen.storyboard */; };
		04B1DA901F05F1A500301BB8 /* APIServiceProtocol.swift in Sources */ = {isa = PBXBuildFile; fileRef = 04B1DA8F1F05F1A500301BB8 /* APIServiceProtocol.swift */; };
		04B1DA921F05F20C00301BB8 /* APIService.swift in Sources */ = {isa = PBXBuildFile; fileRef = 04B1DA911F05F20C00301BB8 /* APIService.swift */; };
		04B1DA951F05F27200301BB8 /* UserDataResult.swift in Sources */ = {isa = PBXBuildFile; fileRef = 04B1DA941F05F27200301BB8 /* UserDataResult.swift */; };
		04B1DA971F05F33E00301BB8 /* UserData.swift in Sources */ = {isa = PBXBuildFile; fileRef = 04B1DA961F05F33E00301BB8 /* UserData.swift */; };
		04B1DA991F05F38800301BB8 /* APIInputBase.swift in Sources */ = {isa = PBXBuildFile; fileRef = 04B1DA981F05F38800301BB8 /* APIInputBase.swift */; };
		04B1DA9B1F05F3E500301BB8 /* UserServiceProtocol.swift in Sources */ = {isa = PBXBuildFile; fileRef = 04B1DA9A1F05F3E500301BB8 /* UserServiceProtocol.swift */; };
		04B1DA9D1F05F3FE00301BB8 /* UserService.swift in Sources */ = {isa = PBXBuildFile; fileRef = 04B1DA9C1F05F3FE00301BB8 /* UserService.swift */; };
		DADC7F2A18DBF50373B3CAEA /* Pods_UnitTestNetworkLayer.framework in Frameworks */ = {isa = PBXBuildFile; fileRef = 8D905F9CC96943D88674A860 /* Pods_UnitTestNetworkLayer.framework */; };
/* End PBXBuildFile section */

/* Begin PBXFileReference section */
		04B1DA771F05F03800301BB8 /* UnitTestNetworkLayer.app */ = {isa = PBXFileReference; explicitFileType = wrapper.application; includeInIndex = 0; path = UnitTestNetworkLayer.app; sourceTree = BUILT_PRODUCTS_DIR; };
		04B1DA7A1F05F03800301BB8 /* AppDelegate.swift */ = {isa = PBXFileReference; lastKnownFileType = sourcecode.swift; path = AppDelegate.swift; sourceTree = "<group>"; };
		04B1DA7C1F05F03800301BB8 /* ViewController.swift */ = {isa = PBXFileReference; lastKnownFileType = sourcecode.swift; path = ViewController.swift; sourceTree = "<group>"; };
		04B1DA7F1F05F03800301BB8 /* Base */ = {isa = PBXFileReference; lastKnownFileType = file.storyboard; name = Base; path = Base.lproj/Main.storyboard; sourceTree = "<group>"; };
		04B1DA811F05F03800301BB8 /* Assets.xcassets */ = {isa = PBXFileReference; lastKnownFileType = folder.assetcatalog; path = Assets.xcassets; sourceTree = "<group>"; };
		04B1DA841F05F03800301BB8 /* Base */ = {isa = PBXFileReference; lastKnownFileType = file.storyboard; name = Base; path = Base.lproj/LaunchScreen.storyboard; sourceTree = "<group>"; };
		04B1DA861F05F03800301BB8 /* Info.plist */ = {isa = PBXFileReference; lastKnownFileType = text.plist.xml; path = Info.plist; sourceTree = "<group>"; };
		04B1DA8F1F05F1A500301BB8 /* APIServiceProtocol.swift */ = {isa = PBXFileReference; fileEncoding = 4; lastKnownFileType = sourcecode.swift; path = APIServiceProtocol.swift; sourceTree = "<group>"; };
		04B1DA911F05F20C00301BB8 /* APIService.swift */ = {isa = PBXFileReference; fileEncoding = 4; lastKnownFileType = sourcecode.swift; path = APIService.swift; sourceTree = "<group>"; };
		04B1DA941F05F27200301BB8 /* UserDataResult.swift */ = {isa = PBXFileReference; fileEncoding = 4; lastKnownFileType = sourcecode.swift; path = UserDataResult.swift; sourceTree = "<group>"; };
		04B1DA961F05F33E00301BB8 /* UserData.swift */ = {isa = PBXFileReference; fileEncoding = 4; lastKnownFileType = sourcecode.swift; path = UserData.swift; sourceTree = "<group>"; };
		04B1DA981F05F38800301BB8 /* APIInputBase.swift */ = {isa = PBXFileReference; fileEncoding = 4; lastKnownFileType = sourcecode.swift; path = APIInputBase.swift; sourceTree = "<group>"; };
		04B1DA9A1F05F3E500301BB8 /* UserServiceProtocol.swift */ = {isa = PBXFileReference; fileEncoding = 4; lastKnownFileType = sourcecode.swift; path = UserServiceProtocol.swift; sourceTree = "<group>"; };
		04B1DA9C1F05F3FE00301BB8 /* UserService.swift */ = {isa = PBXFileReference; fileEncoding = 4; lastKnownFileType = sourcecode.swift; path = UserService.swift; sourceTree = "<group>"; };
		0DD8CF85E93DAAA1C3C8E748 /* Pods-UnitTestNetworkLayer.debug.xcconfig */ = {isa = PBXFileReference; includeInIndex = 1; lastKnownFileType = text.xcconfig; name = "Pods-UnitTestNetworkLayer.debug.xcconfig"; path = "Pods/Target Support Files/Pods-UnitTestNetworkLayer/Pods-UnitTestNetworkLayer.debug.xcconfig"; sourceTree = "<group>"; };
		8D905F9CC96943D88674A860 /* Pods_UnitTestNetworkLayer.framework */ = {isa = PBXFileReference; explicitFileType = wrapper.framework; includeInIndex = 0; path = Pods_UnitTestNetworkLayer.framework; sourceTree = BUILT_PRODUCTS_DIR; };
		B16C11A7C92F58CE20DF114B /* Pods-UnitTestNetworkLayer.release.xcconfig */ = {isa = PBXFileReference; includeInIndex = 1; lastKnownFileType = text.xcconfig; name = "Pods-UnitTestNetworkLayer.release.xcconfig"; path = "Pods/Target Support Files/Pods-UnitTestNetworkLayer/Pods-UnitTestNetworkLayer.release.xcconfig"; sourceTree = "<group>"; };
/* End PBXFileReference section */

/* Begin PBXFrameworksBuildPhase section */
		04B1DA741F05F03800301BB8 /* Frameworks */ = {
			isa = PBXFrameworksBuildPhase;
			buildActionMask = 2147483647;
			files = (
				DADC7F2A18DBF50373B3CAEA /* Pods_UnitTestNetworkLayer.framework in Frameworks */,
			);
			runOnlyForDeploymentPostprocessing = 0;
		};
/* End PBXFrameworksBuildPhase section */

/* Begin PBXGroup section */
		04B1DA6E1F05F03800301BB8 = {
			isa = PBXGroup;
			children = (
				04B1DA791F05F03800301BB8 /* UnitTestNetworkLayer */,
				04B1DA781F05F03800301BB8 /* Products */,
				B9901A470C677FFEDB51EA36 /* Pods */,
				ECDA886C5BE3CA25B34E2482 /* Frameworks */,
			);
			sourceTree = "<group>";
		};
		04B1DA781F05F03800301BB8 /* Products */ = {
			isa = PBXGroup;
			children = (
				04B1DA771F05F03800301BB8 /* UnitTestNetworkLayer.app */,
			);
			name = Products;
			sourceTree = "<group>";
		};
		04B1DA791F05F03800301BB8 /* UnitTestNetworkLayer */ = {
			isa = PBXGroup;
			children = (
				04B1DA931F05F25A00301BB8 /* Enums */,
				04B1DA8E1F05F19400301BB8 /* Protocols */,
				04B1DA8D1F05F16300301BB8 /* Models */,
				04B1DA8C1F05F15600301BB8 /* Services */,
				04B1DA7A1F05F03800301BB8 /* AppDelegate.swift */,
				04B1DA7C1F05F03800301BB8 /* ViewController.swift */,
				04B1DA7E1F05F03800301BB8 /* Main.storyboard */,
				04B1DA811F05F03800301BB8 /* Assets.xcassets */,
				04B1DA831F05F03800301BB8 /* LaunchScreen.storyboard */,
				04B1DA861F05F03800301BB8 /* Info.plist */,
			);
			path = UnitTestNetworkLayer;
			sourceTree = "<group>";
		};
		04B1DA8C1F05F15600301BB8 /* Services */ = {
			isa = PBXGroup;
			children = (
				04B1DA911F05F20C00301BB8 /* APIService.swift */,
				04B1DA981F05F38800301BB8 /* APIInputBase.swift */,
				04B1DA9C1F05F3FE00301BB8 /* UserService.swift */,
			);
			path = Services;
			sourceTree = "<group>";
		};
		04B1DA8D1F05F16300301BB8 /* Models */ = {
			isa = PBXGroup;
			children = (
				04B1DA961F05F33E00301BB8 /* UserData.swift */,
			);
			path = Models;
			sourceTree = "<group>";
		};
		04B1DA8E1F05F19400301BB8 /* Protocols */ = {
			isa = PBXGroup;
			children = (
				04B1DA8F1F05F1A500301BB8 /* APIServiceProtocol.swift */,
				04B1DA9A1F05F3E500301BB8 /* UserServiceProtocol.swift */,
			);
			path = Protocols;
			sourceTree = "<group>";
		};
		04B1DA931F05F25A00301BB8 /* Enums */ = {
			isa = PBXGroup;
			children = (
				04B1DA941F05F27200301BB8 /* UserDataResult.swift */,
			);
			path = Enums;
			sourceTree = "<group>";
		};
		B9901A470C677FFEDB51EA36 /* Pods */ = {
			isa = PBXGroup;
			children = (
				0DD8CF85E93DAAA1C3C8E748 /* Pods-UnitTestNetworkLayer.debug.xcconfig */,
				B16C11A7C92F58CE20DF114B /* Pods-UnitTestNetworkLayer.release.xcconfig */,
			);
			name = Pods;
			sourceTree = "<group>";
		};
		ECDA886C5BE3CA25B34E2482 /* Frameworks */ = {
			isa = PBXGroup;
			children = (
				8D905F9CC96943D88674A860 /* Pods_UnitTestNetworkLayer.framework */,
			);
			name = Frameworks;
			sourceTree = "<group>";
		};
/* End PBXGroup section */

/* Begin PBXNativeTarget section */
		04B1DA761F05F03800301BB8 /* UnitTestNetworkLayer */ = {
			isa = PBXNativeTarget;
			buildConfigurationList = 04B1DA891F05F03800301BB8 /* Build configuration list for PBXNativeTarget "UnitTestNetworkLayer" */;
			buildPhases = (
				03CF1F2191538900A578E685 /* [CP] Check Pods Manifest.lock */,
				04B1DA731F05F03800301BB8 /* Sources */,
				04B1DA741F05F03800301BB8 /* Frameworks */,
				04B1DA751F05F03800301BB8 /* Resources */,
				095804E95CCC7394F8948EB6 /* [CP] Embed Pods Frameworks */,
				EE0832AFA301901E3D15E46C /* [CP] Copy Pods Resources */,
			);
			buildRules = (
			);
			dependencies = (
			);
			name = UnitTestNetworkLayer;
			productName = UnitTestNetworkLayer;
			productReference = 04B1DA771F05F03800301BB8 /* UnitTestNetworkLayer.app */;
			productType = "com.apple.product-type.application";
		};
/* End PBXNativeTarget section */

/* Begin PBXProject section */
		04B1DA6F1F05F03800301BB8 /* Project object */ = {
			isa = PBXProject;
			attributes = {
				LastSwiftUpdateCheck = 0830;
				LastUpgradeCheck = 0830;
				ORGANIZATIONNAME = baon;
				TargetAttributes = {
					04B1DA761F05F03800301BB8 = {
						CreatedOnToolsVersion = 8.3.3;
						DevelopmentTeam = 2HB687EWK8;
						ProvisioningStyle = Automatic;
					};
				};
			};
			buildConfigurationList = 04B1DA721F05F03800301BB8 /* Build configuration list for PBXProject "UnitTestNetworkLayer" */;
			compatibilityVersion = "Xcode 3.2";
			developmentRegion = English;
			hasScannedForEncodings = 0;
			knownRegions = (
				en,
				Base,
			);
			mainGroup = 04B1DA6E1F05F03800301BB8;
			productRefGroup = 04B1DA781F05F03800301BB8 /* Products */;
			projectDirPath = "";
			projectRoot = "";
			targets = (
				04B1DA761F05F03800301BB8 /* UnitTestNetworkLayer */,
			);
		};
/* End PBXProject section */

/* Begin PBXResourcesBuildPhase section */
		04B1DA751F05F03800301BB8 /* Resources */ = {
			isa = PBXResourcesBuildPhase;
			buildActionMask = 2147483647;
			files = (
				04B1DA851F05F03800301BB8 /* LaunchScreen.storyboard in Resources */,
				04B1DA821F05F03800301BB8 /* Assets.xcassets in Resources */,
				04B1DA801F05F03800301BB8 /* Main.storyboard in Resources */,
			);
			runOnlyForDeploymentPostprocessing = 0;
		};
/* End PBXResourcesBuildPhase section */

/* Begin PBXShellScriptBuildPhase section */
		03CF1F2191538900A578E685 /* [CP] Check Pods Manifest.lock */ = {
			isa = PBXShellScriptBuildPhase;
			buildActionMask = 2147483647;
			files = (
			);
			inputPaths = (
			);
			name = "[CP] Check Pods Manifest.lock";
			outputPaths = (
			);
			runOnlyForDeploymentPostprocessing = 0;
			shellPath = /bin/sh;
			shellScript = "diff \"${PODS_PODFILE_DIR_PATH}/Podfile.lock\" \"${PODS_ROOT}/Manifest.lock\" > /dev/null\nif [ $? != 0 ] ; then\n    # print error to STDERR\n    echo \"error: The sandbox is not in sync with the Podfile.lock. Run 'pod install' or update your CocoaPods installation.\" >&2\n    exit 1\nfi\n";
			showEnvVarsInLog = 0;
		};
		095804E95CCC7394F8948EB6 /* [CP] Embed Pods Frameworks */ = {
			isa = PBXShellScriptBuildPhase;
			buildActionMask = 2147483647;
			files = (
			);
			inputPaths = (
			);
			name = "[CP] Embed Pods Frameworks";
			outputPaths = (
			);
			runOnlyForDeploymentPostprocessing = 0;
			shellPath = /bin/sh;
			shellScript = "\"${SRCROOT}/Pods/Target Support Files/Pods-UnitTestNetworkLayer/Pods-UnitTestNetworkLayer-frameworks.sh\"\n";
			showEnvVarsInLog = 0;
		};
		EE0832AFA301901E3D15E46C /* [CP] Copy Pods Resources */ = {
			isa = PBXShellScriptBuildPhase;
			buildActionMask = 2147483647;
			files = (
			);
			inputPaths = (
			);
			name = "[CP] Copy Pods Resources";
			outputPaths = (
			);
			runOnlyForDeploymentPostprocessing = 0;
			shellPath = /bin/sh;
			shellScript = "\"${SRCROOT}/Pods/Target Support Files/Pods-UnitTestNetworkLayer/Pods-UnitTestNetworkLayer-resources.sh\"\n";
			showEnvVarsInLog = 0;
		};
/* End PBXShellScriptBuildPhase section */

/* Begin PBXSourcesBuildPhase section */
		04B1DA731F05F03800301BB8 /* Sources */ = {
			isa = PBXSourcesBuildPhase;
			buildActionMask = 2147483647;
			files = (
				04B1DA971F05F33E00301BB8 /* UserData.swift in Sources */,
				04B1DA901F05F1A500301BB8 /* APIServiceProtocol.swift in Sources */,
				04B1DA9D1F05F3FE00301BB8 /* UserService.swift in Sources */,
				04B1DA7D1F05F03800301BB8 /* ViewController.swift in Sources */,
				04B1DA951F05F27200301BB8 /* UserDataResult.swift in Sources */,
				04B1DA991F05F38800301BB8 /* APIInputBase.swift in Sources */,
				04B1DA921F05F20C00301BB8 /* APIService.swift in Sources */,
				04B1DA9B1F05F3E500301BB8 /* UserServiceProtocol.swift in Sources */,
				04B1DA7B1F05F03800301BB8 /* AppDelegate.swift in Sources */,
			);
			runOnlyForDeploymentPostprocessing = 0;
		};
/* End PBXSourcesBuildPhase section */

/* Begin PBXVariantGroup section */
		04B1DA7E1F05F03800301BB8 /* Main.storyboard */ = {
			isa = PBXVariantGroup;
			children = (
				04B1DA7F1F05F03800301BB8 /* Base */,
			);
			name = Main.storyboard;
			sourceTree = "<group>";
		};
		04B1DA831F05F03800301BB8 /* LaunchScreen.storyboard */ = {
			isa = PBXVariantGroup;
			children = (
				04B1DA841F05F03800301BB8 /* Base */,
			);
			name = LaunchScreen.storyboard;
			sourceTree = "<group>";
		};
/* End PBXVariantGroup section */

/* Begin XCBuildConfiguration section */
		04B1DA871F05F03800301BB8 /* Debug */ = {
			isa = XCBuildConfiguration;
			buildSettings = {
				ALWAYS_SEARCH_USER_PATHS = NO;
				CLANG_ANALYZER_NONNULL = YES;
				CLANG_ANALYZER_NUMBER_OBJECT_CONVERSION = YES_AGGRESSIVE;
				CLANG_CXX_LANGUAGE_STANDARD = "gnu++0x";
				CLANG_CXX_LIBRARY = "libc++";
				CLANG_ENABLE_MODULES = YES;
				CLANG_ENABLE_OBJC_ARC = YES;
				CLANG_WARN_BOOL_CONVERSION = YES;
				CLANG_WARN_CONSTANT_CONVERSION = YES;
				CLANG_WARN_DIRECT_OBJC_ISA_USAGE = YES_ERROR;
				CLANG_WARN_DOCUMENTATION_COMMENTS = YES;
				CLANG_WARN_EMPTY_BODY = YES;
				CLANG_WARN_ENUM_CONVERSION = YES;
				CLANG_WARN_INFINITE_RECURSION = YES;
				CLANG_WARN_INT_CONVERSION = YES;
				CLANG_WARN_OBJC_ROOT_CLASS = YES_ERROR;
				CLANG_WARN_SUSPICIOUS_MOVE = YES;
				CLANG_WARN_UNREACHABLE_CODE = YES;
				CLANG_WARN__DUPLICATE_METHOD_MATCH = YES;
				"CODE_SIGN_IDENTITY[sdk=iphoneos*]" = "iPhone Developer";
				COPY_PHASE_STRIP = NO;
				DEBUG_INFORMATION_FORMAT = dwarf;
				ENABLE_STRICT_OBJC_MSGSEND = YES;
				ENABLE_TESTABILITY = YES;
				GCC_C_LANGUAGE_STANDARD = gnu99;
				GCC_DYNAMIC_NO_PIC = NO;
				GCC_NO_COMMON_BLOCKS = YES;
				GCC_OPTIMIZATION_LEVEL = 0;
				GCC_PREPROCESSOR_DEFINITIONS = (
					"DEBUG=1",
					"$(inherited)",
				);
				GCC_WARN_64_TO_32_BIT_CONVERSION = YES;
				GCC_WARN_ABOUT_RETURN_TYPE = YES_ERROR;
				GCC_WARN_UNDECLARED_SELECTOR = YES;
				GCC_WARN_UNINITIALIZED_AUTOS = YES_AGGRESSIVE;
				GCC_WARN_UNUSED_FUNCTION = YES;
				GCC_WARN_UNUSED_VARIABLE = YES;
				IPHONEOS_DEPLOYMENT_TARGET = 10.3;
				MTL_ENABLE_DEBUG_INFO = YES;
				ONLY_ACTIVE_ARCH = YES;
				SDKROOT = iphoneos;
				SWIFT_ACTIVE_COMPILATION_CONDITIONS = DEBUG;
				SWIFT_OPTIMIZATION_LEVEL = "-Onone";
			};
			name = Debug;
		};
		04B1DA881F05F03800301BB8 /* Release */ = {
			isa = XCBuildConfiguration;
			buildSettings = {
				ALWAYS_SEARCH_USER_PATHS = NO;
				CLANG_ANALYZER_NONNULL = YES;
				CLANG_ANALYZER_NUMBER_OBJECT_CONVERSION = YES_AGGRESSIVE;
				CLANG_CXX_LANGUAGE_STANDARD = "gnu++0x";
				CLANG_CXX_LIBRARY = "libc++";
				CLANG_ENABLE_MODULES = YES;
				CLANG_ENABLE_OBJC_ARC = YES;
				CLANG_WARN_BOOL_CONVERSION = YES;
				CLANG_WARN_CONSTANT_CONVERSION = YES;
				CLANG_WARN_DIRECT_OBJC_ISA_USAGE = YES_ERROR;
				CLANG_WARN_DOCUMENTATION_COMMENTS = YES;
				CLANG_WARN_EMPTY_BODY = YES;
				CLANG_WARN_ENUM_CONVERSION = YES;
				CLANG_WARN_INFINITE_RECURSION = YES;
				CLANG_WARN_INT_CONVERSION = YES;
				CLANG_WARN_OBJC_ROOT_CLASS = YES_ERROR;
				CLANG_WARN_SUSPICIOUS_MOVE = YES;
				CLANG_WARN_UNREACHABLE_CODE = YES;
				CLANG_WARN__DUPLICATE_METHOD_MATCH = YES;
				"CODE_SIGN_IDENTITY[sdk=iphoneos*]" = "iPhone Developer";
				COPY_PHASE_STRIP = NO;
				DEBUG_INFORMATION_FORMAT = "dwarf-with-dsym";
				ENABLE_NS_ASSERTIONS = NO;
				ENABLE_STRICT_OBJC_MSGSEND = YES;
				GCC_C_LANGUAGE_STANDARD = gnu99;
				GCC_NO_COMMON_BLOCKS = YES;
				GCC_WARN_64_TO_32_BIT_CONVERSION = YES;
				GCC_WARN_ABOUT_RETURN_TYPE = YES_ERROR;
				GCC_WARN_UNDECLARED_SELECTOR = YES;
				GCC_WARN_UNINITIALIZED_AUTOS = YES_AGGRESSIVE;
				GCC_WARN_UNUSED_FUNCTION = YES;
				GCC_WARN_UNUSED_VARIABLE = YES;
				IPHONEOS_DEPLOYMENT_TARGET = 10.3;
				MTL_ENABLE_DEBUG_INFO = NO;
				SDKROOT = iphoneos;
				SWIFT_OPTIMIZATION_LEVEL = "-Owholemodule";
				VALIDATE_PRODUCT = YES;
			};
			name = Release;
		};
		04B1DA8A1F05F03800301BB8 /* Debug */ = {
			isa = XCBuildConfiguration;
			baseConfigurationReference = 0DD8CF85E93DAAA1C3C8E748 /* Pods-UnitTestNetworkLayer.debug.xcconfig */;
			buildSettings = {
				ASSETCATALOG_COMPILER_APPICON_NAME = AppIcon;
				DEVELOPMENT_TEAM = 2HB687EWK8;
				INFOPLIST_FILE = UnitTestNetworkLayer/Info.plist;
				LD_RUNPATH_SEARCH_PATHS = "$(inherited) @executable_path/Frameworks";
				PRODUCT_BUNDLE_IDENTIFIER = com.baon.UnitTestNetworkLayer;
				PRODUCT_NAME = "$(TARGET_NAME)";
				SWIFT_VERSION = 3.0;
			};
			name = Debug;
		};
		04B1DA8B1F05F03800301BB8 /* Release */ = {
			isa = XCBuildConfiguration;
			baseConfigurationReference = B16C11A7C92F58CE20DF114B /* Pods-UnitTestNetworkLayer.release.xcconfig */;
			buildSettings = {
				ASSETCATALOG_COMPILER_APPICON_NAME = AppIcon;
				DEVELOPMENT_TEAM = 2HB687EWK8;
				INFOPLIST_FILE = UnitTestNetworkLayer/Info.plist;
				LD_RUNPATH_SEARCH_PATHS = "$(inherited) @executable_path/Frameworks";
				PRODUCT_BUNDLE_IDENTIFIER = com.baon.UnitTestNetworkLayer;
				PRODUCT_NAME = "$(TARGET_NAME)";
				SWIFT_VERSION = 3.0;
			};
			name = Release;
		};
/* End XCBuildConfiguration section */

/* Begin XCConfigurationList section */
		04B1DA721F05F03800301BB8 /* Build configuration list for PBXProject "UnitTestNetworkLayer" */ = {
			isa = XCConfigurationList;
			buildConfigurations = (
				04B1DA871F05F03800301BB8 /* Debug */,
				04B1DA881F05F03800301BB8 /* Release */,
			);
			defaultConfigurationIsVisible = 0;
			defaultConfigurationName = Release;
		};
		04B1DA891F05F03800301BB8 /* Build configuration list for PBXNativeTarget "UnitTestNetworkLayer" */ = {
			isa = XCConfigurationList;
			buildConfigurations = (
				04B1DA8A1F05F03800301BB8 /* Debug */,
				04B1DA8B1F05F03800301BB8 /* Release */,
			);
			defaultConfigurationIsVisible = 0;
			defaultConfigurationName = Release;
		};
/* End XCConfigurationList section */
	};
	rootObject = 04B1DA6F1F05F03800301BB8 /* Project object */;
}
